
Microsoft Visual Studio Solution File, Format Version 12.00
# Visual Studio Version 17
VisualStudioVersion = 17.14.36511.14 d17.14
MinimumVisualStudioVersion = 10.0.40219.1
Project("{FAE04EC0-301F-11D3-BF4B-00C04F79EFBC}") = "NetCoreA7", "NetCoreA7\NetCoreA7.csproj", "{7EFFECA4-F7B0-4DAF-AD54-735BE39B7B57}"
EndProject
Global
	GlobalSection(SolutionConfigurationPlatforms) = preSolution
		Debug|Any CPU = Debug|Any CPU
		Release|Any CPU = Release|Any CPU
	EndGlobalSection
	GlobalSection(ProjectConfigurationPlatforms) = postSolution
		{7EFFECA4-F7B0-4DAF-AD54-735BE39B7B57}.Debug|Any CPU.ActiveCfg = Debug|Any CPU
		{7EFFECA4-F7B0-4DAF-AD54-735BE39B7B57}.Debug|Any CPU.Build.0 = Debug|Any CPU
		{7EFFECA4-F7B0-4DAF-AD54-735BE39B7B57}.Release|Any CPU.ActiveCfg = Release|Any CPU
		{7EFFECA4-F7B0-4DAF-AD54-735BE39B7B57}.Release|Any CPU.Build.0 = Release|Any CPU
	EndGlobalSection
	GlobalSection(SolutionProperties) = preSolution
		HideSolutionNode = FALSE
	EndGlobalSection
	GlobalSection(ExtensibilityGlobals) = postSolution
		SolutionGuid = {299EA7B3-3908-4782-BE2A-A75CD7141434}
	EndGlobalSection
EndGlobal
