
Microsoft Visual Studio Solution File, Format Version 12.00
# Visual Studio Version 17
VisualStudioVersion = 17.14.36511.14 d17.14
MinimumVisualStudioVersion = 10.0.40219.1
Project("{FAE04EC0-301F-11D3-BF4B-00C04F79EFBC}") = "NetCoreMVCLab03", "NetCoreMVCLab03\NetCoreMVCLab03.csproj", "{6B64746B-7677-490C-B120-0786EF236048}"
EndProject
Global
	GlobalSection(SolutionConfigurationPlatforms) = preSolution
		Debug|Any CPU = Debug|Any CPU
		Release|Any CPU = Release|Any CPU
	EndGlobalSection
	GlobalSection(ProjectConfigurationPlatforms) = postSolution
		{6B64746B-7677-490C-B120-0786EF236048}.Debug|Any CPU.ActiveCfg = Debug|Any CPU
		{6B64746B-7677-490C-B120-0786EF236048}.Debug|Any CPU.Build.0 = Debug|Any CPU
		{6B64746B-7677-490C-B120-0786EF236048}.Release|Any CPU.ActiveCfg = Release|Any CPU
		{6B64746B-7677-490C-B120-0786EF236048}.Release|Any CPU.Build.0 = Release|Any CPU
	EndGlobalSection
	GlobalSection(SolutionProperties) = preSolution
		HideSolutionNode = FALSE
	EndGlobalSection
	GlobalSection(ExtensibilityGlobals) = postSolution
		SolutionGuid = {F62EA148-9502-4120-AA6D-74A4E15C2F85}
	EndGlobalSection
EndGlobal
